
Microsoft Visual Studio Solution File, Format Version 12.00
# Visual Studio Version 17
VisualStudioVersion = 17.5.33424.131
MinimumVisualStudioVersion = 10.0.40219.1
Project("{9A19103F-16F7-4668-BE54-9A1E7A4F7556}") = "DomainLayer", "Domain\DomainLayer.csproj", "{826D08CC-4DF8-4696-8BFD-C67BF4764840}"
EndProject
Project("{9A19103F-16F7-4668-BE54-9A1E7A4F7556}") = "DataLayer", "Data\DataLayer.csproj", "{8878A600-CA4E-48AC-BCAE-6A958A7E5F1A}"
EndProject
Project("{FAE04EC0-301F-11D3-BF4B-00C04F79EFBC}") = "PresentationLayer", "PresentationLayer\PresentationLayer.csproj", "{ED864DD1-F4AC-4224-9B90-2C4BDCF483E3}"
EndProject
Global
	GlobalSection(SolutionConfigurationPlatforms) = preSolution
		Debug|Any CPU = Debug|Any CPU
		Release|Any CPU = Release|Any CPU
	EndGlobalSection
	GlobalSection(ProjectConfigurationPlatforms) = postSolution
		{826D08CC-4DF8-4696-8BFD-C67BF4764840}.Debug|Any CPU.ActiveCfg = Debug|Any CPU
		{826D08CC-4DF8-4696-8BFD-C67BF4764840}.Debug|Any CPU.Build.0 = Debug|Any CPU
		{826D08CC-4DF8-4696-8BFD-C67BF4764840}.Release|Any CPU.ActiveCfg = Release|Any CPU
		{826D08CC-4DF8-4696-8BFD-C67BF4764840}.Release|Any CPU.Build.0 = Release|Any CPU
		{8878A600-CA4E-48AC-BCAE-6A958A7E5F1A}.Debug|Any CPU.ActiveCfg = Debug|Any CPU
		{8878A600-CA4E-48AC-BCAE-6A958A7E5F1A}.Debug|Any CPU.Build.0 = Debug|Any CPU
		{8878A600-CA4E-48AC-BCAE-6A958A7E5F1A}.Release|Any CPU.ActiveCfg = Release|Any CPU
		{8878A600-CA4E-48AC-BCAE-6A958A7E5F1A}.Release|Any CPU.Build.0 = Release|Any CPU
		{ED864DD1-F4AC-4224-9B90-2C4BDCF483E3}.Debug|Any CPU.ActiveCfg = Debug|Any CPU
		{ED864DD1-F4AC-4224-9B90-2C4BDCF483E3}.Debug|Any CPU.Build.0 = Debug|Any CPU
		{ED864DD1-F4AC-4224-9B90-2C4BDCF483E3}.Release|Any CPU.ActiveCfg = Release|Any CPU
		{ED864DD1-F4AC-4224-9B90-2C4BDCF483E3}.Release|Any CPU.Build.0 = Release|Any CPU
	EndGlobalSection
	GlobalSection(SolutionProperties) = preSolution
		HideSolutionNode = FALSE
	EndGlobalSection
	GlobalSection(ExtensibilityGlobals) = postSolution
		SolutionGuid = {CB69F781-A9CD-4E31-AC3F-F1A7CD233948}
	EndGlobalSection
EndGlobal
